// !$*UTF8*$!
{
	archiveVersion = 1;
	classes = {
	};
	objectVersion = 55;
	objects = {

/* Begin PBXBuildFile section */
		FF9C3F3C28CA29E700EE6BAE /* AppDelegate.swift in Sources */ = {isa = PBXBuildFile; fileRef = FF9C3F3B28CA29E700EE6BAE /* AppDelegate.swift */; };
		FF9C3F3E28CA29E700EE6BAE /* SceneDelegate.swift in Sources */ = {isa = PBXBuildFile; fileRef = FF9C3F3D28CA29E700EE6BAE /* SceneDelegate.swift */; };
		FF9C3F4528CA29EF00EE6BAE /* Assets.xcassets in Resources */ = {isa = PBXBuildFile; fileRef = FF9C3F4428CA29EF00EE6BAE /* Assets.xcassets */; };
		FF9C3F5528CA2AC400EE6BAE /* StartVC.swift in Sources */ = {isa = PBXBuildFile; fileRef = FF9C3F5328CA2AC400EE6BAE /* StartVC.swift */; };
		FF9C3F5628CA2AC400EE6BAE /* StartVC.xib in Resources */ = {isa = PBXBuildFile; fileRef = FF9C3F5428CA2AC400EE6BAE /* StartVC.xib */; };
		FF9C3F5928CA2DAA00EE6BAE /* GameVC.swift in Sources */ = {isa = PBXBuildFile; fileRef = FF9C3F5728CA2DAA00EE6BAE /* GameVC.swift */; };
		FF9C3F5A28CA2DAA00EE6BAE /* GameVC.xib in Resources */ = {isa = PBXBuildFile; fileRef = FF9C3F5828CA2DAA00EE6BAE /* GameVC.xib */; };
		FF9C3F5E28CA38D100EE6BAE /* WordsManager.swift in Sources */ = {isa = PBXBuildFile; fileRef = FF9C3F5D28CA38D100EE6BAE /* WordsManager.swift */; };
/* End PBXBuildFile section */

/* Begin PBXFileReference section */
		FF9C3F3828CA29E700EE6BAE /* Alias.app */ = {isa = PBXFileReference; explicitFileType = wrapper.application; includeInIndex = 0; path = Alias.app; sourceTree = BUILT_PRODUCTS_DIR; };
		FF9C3F3B28CA29E700EE6BAE /* AppDelegate.swift */ = {isa = PBXFileReference; lastKnownFileType = sourcecode.swift; path = AppDelegate.swift; sourceTree = "<group>"; };
		FF9C3F3D28CA29E700EE6BAE /* SceneDelegate.swift */ = {isa = PBXFileReference; lastKnownFileType = sourcecode.swift; path = SceneDelegate.swift; sourceTree = "<group>"; };
		FF9C3F4428CA29EF00EE6BAE /* Assets.xcassets */ = {isa = PBXFileReference; lastKnownFileType = folder.assetcatalog; path = Assets.xcassets; sourceTree = "<group>"; };
		FF9C3F4928CA29EF00EE6BAE /* Info.plist */ = {isa = PBXFileReference; lastKnownFileType = text.plist.xml; path = Info.plist; sourceTree = "<group>"; };
		FF9C3F5328CA2AC400EE6BAE /* StartVC.swift */ = {isa = PBXFileReference; lastKnownFileType = sourcecode.swift; path = StartVC.swift; sourceTree = "<group>"; };
		FF9C3F5428CA2AC400EE6BAE /* StartVC.xib */ = {isa = PBXFileReference; lastKnownFileType = file.xib; path = StartVC.xib; sourceTree = "<group>"; };
		FF9C3F5728CA2DAA00EE6BAE /* GameVC.swift */ = {isa = PBXFileReference; lastKnownFileType = sourcecode.swift; path = GameVC.swift; sourceTree = "<group>"; };
		FF9C3F5828CA2DAA00EE6BAE /* GameVC.xib */ = {isa = PBXFileReference; lastKnownFileType = file.xib; path = GameVC.xib; sourceTree = "<group>"; };
		FF9C3F5D28CA38D100EE6BAE /* WordsManager.swift */ = {isa = PBXFileReference; lastKnownFileType = sourcecode.swift; path = WordsManager.swift; sourceTree = "<group>"; };
/* End PBXFileReference section */

/* Begin PBXFrameworksBuildPhase section */
		FF9C3F3528CA29E700EE6BAE /* Frameworks */ = {
			isa = PBXFrameworksBuildPhase;
			buildActionMask = 2147483647;
			files = (
			);
			runOnlyForDeploymentPostprocessing = 0;
		};
/* End PBXFrameworksBuildPhase section */

/* Begin PBXGroup section */
		FF9C3F2F28CA29E700EE6BAE = {
			isa = PBXGroup;
			children = (
				FF9C3F3A28CA29E700EE6BAE /* Alias */,
				FF9C3F3928CA29E700EE6BAE /* Products */,
			);
			sourceTree = "<group>";
		};
		FF9C3F3928CA29E700EE6BAE /* Products */ = {
			isa = PBXGroup;
			children = (
				FF9C3F3828CA29E700EE6BAE /* Alias.app */,
			);
			name = Products;
			sourceTree = "<group>";
		};
		FF9C3F3A28CA29E700EE6BAE /* Alias */ = {
			isa = PBXGroup;
			children = (
				FF9C3F5C28CA38B400EE6BAE /* Managers */,
				FF9C3F5128CA2A9500EE6BAE /* Controllers */,
				FF9C3F5028CA2A2E00EE6BAE /* Resources */,
				FF9C3F4F28CA2A1900EE6BAE /* App */,
			);
			path = Alias;
			sourceTree = "<group>";
		};
		FF9C3F4F28CA2A1900EE6BAE /* App */ = {
			isa = PBXGroup;
			children = (
				FF9C3F4928CA29EF00EE6BAE /* Info.plist */,
				FF9C3F3D28CA29E700EE6BAE /* SceneDelegate.swift */,
				FF9C3F3B28CA29E700EE6BAE /* AppDelegate.swift */,
			);
			path = App;
			sourceTree = "<group>";
		};
		FF9C3F5028CA2A2E00EE6BAE /* Resources */ = {
			isa = PBXGroup;
			children = (
				FF9C3F4428CA29EF00EE6BAE /* Assets.xcassets */,
			);
			path = Resources;
			sourceTree = "<group>";
		};
		FF9C3F5128CA2A9500EE6BAE /* Controllers */ = {
			isa = PBXGroup;
			children = (
				FF9C3F5B28CA2DB400EE6BAE /* Game */,
				FF9C3F5228CA2A9F00EE6BAE /* Start */,
			);
			path = Controllers;
			sourceTree = "<group>";
		};
		FF9C3F5228CA2A9F00EE6BAE /* Start */ = {
			isa = PBXGroup;
			children = (
				FF9C3F5328CA2AC400EE6BAE /* StartVC.swift */,
				FF9C3F5428CA2AC400EE6BAE /* StartVC.xib */,
			);
			path = Start;
			sourceTree = "<group>";
		};
		FF9C3F5B28CA2DB400EE6BAE /* Game */ = {
			isa = PBXGroup;
			children = (
				FF9C3F5828CA2DAA00EE6BAE /* GameVC.xib */,
				FF9C3F5728CA2DAA00EE6BAE /* GameVC.swift */,
			);
			path = Game;
			sourceTree = "<group>";
		};
		FF9C3F5C28CA38B400EE6BAE /* Managers */ = {
			isa = PBXGroup;
			children = (
				FF9C3F5D28CA38D100EE6BAE /* WordsManager.swift */,
			);
			path = Managers;
			sourceTree = "<group>";
		};
/* End PBXGroup section */

/* Begin PBXNativeTarget section */
		FF9C3F3728CA29E700EE6BAE /* Alias */ = {
			isa = PBXNativeTarget;
			buildConfigurationList = FF9C3F4C28CA29EF00EE6BAE /* Build configuration list for PBXNativeTarget "Alias" */;
			buildPhases = (
				FF9C3F3428CA29E700EE6BAE /* Sources */,
				FF9C3F3528CA29E700EE6BAE /* Frameworks */,
				FF9C3F3628CA29E700EE6BAE /* Resources */,
			);
			buildRules = (
			);
			dependencies = (
			);
			name = Alias;
			productName = Alias;
			productReference = FF9C3F3828CA29E700EE6BAE /* Alias.app */;
			productType = "com.apple.product-type.application";
		};
/* End PBXNativeTarget section */

/* Begin PBXProject section */
		FF9C3F3028CA29E700EE6BAE /* Project object */ = {
			isa = PBXProject;
			attributes = {
				BuildIndependentTargetsInParallel = 1;
				LastSwiftUpdateCheck = 1340;
				LastUpgradeCheck = 1340;
				TargetAttributes = {
					FF9C3F3728CA29E700EE6BAE = {
						CreatedOnToolsVersion = 13.4.1;
					};
				};
			};
			buildConfigurationList = FF9C3F3328CA29E700EE6BAE /* Build configuration list for PBXProject "Alias" */;
			compatibilityVersion = "Xcode 13.0";
			developmentRegion = en;
			hasScannedForEncodings = 0;
			knownRegions = (
				en,
				Base,
			);
			mainGroup = FF9C3F2F28CA29E700EE6BAE;
			productRefGroup = FF9C3F3928CA29E700EE6BAE /* Products */;
			projectDirPath = "";
			projectRoot = "";
			targets = (
				FF9C3F3728CA29E700EE6BAE /* Alias */,
			);
		};
/* End PBXProject section */

/* Begin PBXResourcesBuildPhase section */
		FF9C3F3628CA29E700EE6BAE /* Resources */ = {
			isa = PBXResourcesBuildPhase;
			buildActionMask = 2147483647;
			files = (
				FF9C3F4528CA29EF00EE6BAE /* Assets.xcassets in Resources */,
				FF9C3F5A28CA2DAA00EE6BAE /* GameVC.xib in Resources */,
				FF9C3F5628CA2AC400EE6BAE /* StartVC.xib in Resources */,
			);
			runOnlyForDeploymentPostprocessing = 0;
		};
/* End PBXResourcesBuildPhase section */

/* Begin PBXSourcesBuildPhase section */
		FF9C3F3428CA29E700EE6BAE /* Sources */ = {
			isa = PBXSourcesBuildPhase;
			buildActionMask = 2147483647;
			files = (
				FF9C3F5E28CA38D100EE6BAE /* WordsManager.swift in Sources */,
				FF9C3F3C28CA29E700EE6BAE /* AppDelegate.swift in Sources */,
				FF9C3F3E28CA29E700EE6BAE /* SceneDelegate.swift in Sources */,
				FF9C3F5928CA2DAA00EE6BAE /* GameVC.swift in Sources */,
				FF9C3F5528CA2AC400EE6BAE /* StartVC.swift in Sources */,
			);
			runOnlyForDeploymentPostprocessing = 0;
		};
/* End PBXSourcesBuildPhase section */

/* Begin XCBuildConfiguration section */
		FF9C3F4A28CA29EF00EE6BAE /* Debug */ = {
			isa = XCBuildConfiguration;
			buildSettings = {
				ALWAYS_SEARCH_USER_PATHS = NO;
				CLANG_ANALYZER_NONNULL = YES;
				CLANG_ANALYZER_NUMBER_OBJECT_CONVERSION = YES_AGGRESSIVE;
				CLANG_CXX_LANGUAGE_STANDARD = "gnu++17";
				CLANG_ENABLE_MODULES = YES;
				CLANG_ENABLE_OBJC_ARC = YES;
				CLANG_ENABLE_OBJC_WEAK = YES;
				CLANG_WARN_BLOCK_CAPTURE_AUTORELEASING = YES;
				CLANG_WARN_BOOL_CONVERSION = YES;
				CLANG_WARN_COMMA = YES;
				CLANG_WARN_CONSTANT_CONVERSION = YES;
				CLANG_WARN_DEPRECATED_OBJC_IMPLEMENTATIONS = YES;
				CLANG_WARN_DIRECT_OBJC_ISA_USAGE = YES_ERROR;
				CLANG_WARN_DOCUMENTATION_COMMENTS = YES;
				CLANG_WARN_EMPTY_BODY = YES;
				CLANG_WARN_ENUM_CONVERSION = YES;
				CLANG_WARN_INFINITE_RECURSION = YES;
				CLANG_WARN_INT_CONVERSION = YES;
				CLANG_WARN_NON_LITERAL_NULL_CONVERSION = YES;
				CLANG_WARN_OBJC_IMPLICIT_RETAIN_SELF = YES;
				CLANG_WARN_OBJC_LITERAL_CONVERSION = YES;
				CLANG_WARN_OBJC_ROOT_CLASS = YES_ERROR;
				CLANG_WARN_QUOTED_INCLUDE_IN_FRAMEWORK_HEADER = YES;
				CLANG_WARN_RANGE_LOOP_ANALYSIS = YES;
				CLANG_WARN_STRICT_PROTOTYPES = YES;
				CLANG_WARN_SUSPICIOUS_MOVE = YES;
				CLANG_WARN_UNGUARDED_AVAILABILITY = YES_AGGRESSIVE;
				CLANG_WARN_UNREACHABLE_CODE = YES;
				CLANG_WARN__DUPLICATE_METHOD_MATCH = YES;
				COPY_PHASE_STRIP = NO;
				DEBUG_INFORMATION_FORMAT = dwarf;
				ENABLE_STRICT_OBJC_MSGSEND = YES;
				ENABLE_TESTABILITY = YES;
				GCC_C_LANGUAGE_STANDARD = gnu11;
				GCC_DYNAMIC_NO_PIC = NO;
				GCC_NO_COMMON_BLOCKS = YES;
				GCC_OPTIMIZATION_LEVEL = 0;
				GCC_PREPROCESSOR_DEFINITIONS = (
					"DEBUG=1",
					"$(inherited)",
				);
				GCC_WARN_64_TO_32_BIT_CONVERSION = YES;
				GCC_WARN_ABOUT_RETURN_TYPE = YES_ERROR;
				GCC_WARN_UNDECLARED_SELECTOR = YES;
				GCC_WARN_UNINITIALIZED_AUTOS = YES_AGGRESSIVE;
				GCC_WARN_UNUSED_FUNCTION = YES;
				GCC_WARN_UNUSED_VARIABLE = YES;
				IPHONEOS_DEPLOYMENT_TARGET = 15.5;
				MTL_ENABLE_DEBUG_INFO = INCLUDE_SOURCE;
				MTL_FAST_MATH = YES;
				ONLY_ACTIVE_ARCH = YES;
				SDKROOT = iphoneos;
				SWIFT_ACTIVE_COMPILATION_CONDITIONS = DEBUG;
				SWIFT_OPTIMIZATION_LEVEL = "-Onone";
			};
			name = Debug;
		};
		FF9C3F4B28CA29EF00EE6BAE /* Release */ = {
			isa = XCBuildConfiguration;
			buildSettings = {
				ALWAYS_SEARCH_USER_PATHS = NO;
				CLANG_ANALYZER_NONNULL = YES;
				CLANG_ANALYZER_NUMBER_OBJECT_CONVERSION = YES_AGGRESSIVE;
				CLANG_CXX_LANGUAGE_STANDARD = "gnu++17";
				CLANG_ENABLE_MODULES = YES;
				CLANG_ENABLE_OBJC_ARC = YES;
				CLANG_ENABLE_OBJC_WEAK = YES;
				CLANG_WARN_BLOCK_CAPTURE_AUTORELEASING = YES;
				CLANG_WARN_BOOL_CONVERSION = YES;
				CLANG_WARN_COMMA = YES;
				CLANG_WARN_CONSTANT_CONVERSION = YES;
				CLANG_WARN_DEPRECATED_OBJC_IMPLEMENTATIONS = YES;
				CLANG_WARN_DIRECT_OBJC_ISA_USAGE = YES_ERROR;
				CLANG_WARN_DOCUMENTATION_COMMENTS = YES;
				CLANG_WARN_EMPTY_BODY = YES;
				CLANG_WARN_ENUM_CONVERSION = YES;
				CLANG_WARN_INFINITE_RECURSION = YES;
				CLANG_WARN_INT_CONVERSION = YES;
				CLANG_WARN_NON_LITERAL_NULL_CONVERSION = YES;
				CLANG_WARN_OBJC_IMPLICIT_RETAIN_SELF = YES;
				CLANG_WARN_OBJC_LITERAL_CONVERSION = YES;
				CLANG_WARN_OBJC_ROOT_CLASS = YES_ERROR;
				CLANG_WARN_QUOTED_INCLUDE_IN_FRAMEWORK_HEADER = YES;
				CLANG_WARN_RANGE_LOOP_ANALYSIS = YES;
				CLANG_WARN_STRICT_PROTOTYPES = YES;
				CLANG_WARN_SUSPICIOUS_MOVE = YES;
				CLANG_WARN_UNGUARDED_AVAILABILITY = YES_AGGRESSIVE;
				CLANG_WARN_UNREACHABLE_CODE = YES;
				CLANG_WARN__DUPLICATE_METHOD_MATCH = YES;
				COPY_PHASE_STRIP = NO;
				DEBUG_INFORMATION_FORMAT = "dwarf-with-dsym";
				ENABLE_NS_ASSERTIONS = NO;
				ENABLE_STRICT_OBJC_MSGSEND = YES;
				GCC_C_LANGUAGE_STANDARD = gnu11;
				GCC_NO_COMMON_BLOCKS = YES;
				GCC_WARN_64_TO_32_BIT_CONVERSION = YES;
				GCC_WARN_ABOUT_RETURN_TYPE = YES_ERROR;
				GCC_WARN_UNDECLARED_SELECTOR = YES;
				GCC_WARN_UNINITIALIZED_AUTOS = YES_AGGRESSIVE;
				GCC_WARN_UNUSED_FUNCTION = YES;
				GCC_WARN_UNUSED_VARIABLE = YES;
				IPHONEOS_DEPLOYMENT_TARGET = 15.5;
				MTL_ENABLE_DEBUG_INFO = NO;
				MTL_FAST_MATH = YES;
				SDKROOT = iphoneos;
				SWIFT_COMPILATION_MODE = wholemodule;
				SWIFT_OPTIMIZATION_LEVEL = "-O";
				VALIDATE_PRODUCT = YES;
			};
			name = Release;
		};
		FF9C3F4D28CA29EF00EE6BAE /* Debug */ = {
			isa = XCBuildConfiguration;
			buildSettings = {
				ASSETCATALOG_COMPILER_APPICON_NAME = AppIcon;
				ASSETCATALOG_COMPILER_GLOBAL_ACCENT_COLOR_NAME = AccentColor;
				CODE_SIGN_STYLE = Automatic;
				CURRENT_PROJECT_VERSION = 1;
				DEVELOPMENT_TEAM = AF68Y4A9MG;
				GENERATE_INFOPLIST_FILE = YES;
				INFOPLIST_FILE = Alias/App/Info.plist;
				INFOPLIST_KEY_UIApplicationSupportsIndirectInputEvents = YES;
				INFOPLIST_KEY_UILaunchStoryboardName = LaunchScreen;
				INFOPLIST_KEY_UISupportedInterfaceOrientations_iPad = "UIInterfaceOrientationPortrait UIInterfaceOrientationPortraitUpsideDown UIInterfaceOrientationLandscapeLeft UIInterfaceOrientationLandscapeRight";
				INFOPLIST_KEY_UISupportedInterfaceOrientations_iPhone = "UIInterfaceOrientationPortrait UIInterfaceOrientationLandscapeLeft UIInterfaceOrientationLandscapeRight";
				LD_RUNPATH_SEARCH_PATHS = (
					"$(inherited)",
					"@executable_path/Frameworks",
				);
				MARKETING_VERSION = 1.0;
				PRODUCT_BUNDLE_IDENTIFIER = "-.Alias";
				PRODUCT_NAME = "$(TARGET_NAME)";
				SWIFT_EMIT_LOC_STRINGS = YES;
				SWIFT_VERSION = 5.0;
				TARGETED_DEVICE_FAMILY = "1,2";
			};
			name = Debug;
		};
		FF9C3F4E28CA29EF00EE6BAE /* Release */ = {
			isa = XCBuildConfiguration;
			buildSettings = {
				ASSETCATALOG_COMPILER_APPICON_NAME = AppIcon;
				ASSETCATALOG_COMPILER_GLOBAL_ACCENT_COLOR_NAME = AccentColor;
				CODE_SIGN_STYLE = Automatic;
				CURRENT_PROJECT_VERSION = 1;
				DEVELOPMENT_TEAM = AF68Y4A9MG;
				GENERATE_INFOPLIST_FILE = YES;
				INFOPLIST_FILE = Alias/App/Info.plist;
				INFOPLIST_KEY_UIApplicationSupportsIndirectInputEvents = YES;
				INFOPLIST_KEY_UILaunchStoryboardName = LaunchScreen;
				INFOPLIST_KEY_UISupportedInterfaceOrientations_iPad = "UIInterfaceOrientationPortrait UIInterfaceOrientationPortraitUpsideDown UIInterfaceOrientationLandscapeLeft UIInterfaceOrientationLandscapeRight";
				INFOPLIST_KEY_UISupportedInterfaceOrientations_iPhone = "UIInterfaceOrientationPortrait UIInterfaceOrientationLandscapeLeft UIInterfaceOrientationLandscapeRight";
				LD_RUNPATH_SEARCH_PATHS = (
					"$(inherited)",
					"@executable_path/Frameworks",
				);
				MARKETING_VERSION = 1.0;
				PRODUCT_BUNDLE_IDENTIFIER = "-.Alias";
				PRODUCT_NAME = "$(TARGET_NAME)";
				SWIFT_EMIT_LOC_STRINGS = YES;
				SWIFT_VERSION = 5.0;
				TARGETED_DEVICE_FAMILY = "1,2";
			};
			name = Release;
		};
/* End XCBuildConfiguration section */

/* Begin XCConfigurationList section */
		FF9C3F3328CA29E700EE6BAE /* Build configuration list for PBXProject "Alias" */ = {
			isa = XCConfigurationList;
			buildConfigurations = (
				FF9C3F4A28CA29EF00EE6BAE /* Debug */,
				FF9C3F4B28CA29EF00EE6BAE /* Release */,
			);
			defaultConfigurationIsVisible = 0;
			defaultConfigurationName = Release;
		};
		FF9C3F4C28CA29EF00EE6BAE /* Build configuration list for PBXNativeTarget "Alias" */ = {
			isa = XCConfigurationList;
			buildConfigurations = (
				FF9C3F4D28CA29EF00EE6BAE /* Debug */,
				FF9C3F4E28CA29EF00EE6BAE /* Release */,
			);
			defaultConfigurationIsVisible = 0;
			defaultConfigurationName = Release;
		};
/* End XCConfigurationList section */
	};
	rootObject = FF9C3F3028CA29E700EE6BAE /* Project object */;
}
